
Microsoft Visual Studio Solution File, Format Version 12.00
# Visual Studio 15
VisualStudioVersion = 15.0.27703.2042
MinimumVisualStudioVersion = 10.0.40219.1
Project("{FAE04EC0-301F-11D3-BF4B-00C04F79EFBC}") = "Competence_Assessment_2", "Competence_Assessment_2.csproj", "{872C03BD-BD94-402C-87A3-102951257D53}"
EndProject
Global
	GlobalSection(SolutionConfigurationPlatforms) = preSolution
		Debug|Any CPU = Debug|Any CPU
		Release|Any CPU = Release|Any CPU
	EndGlobalSection
	GlobalSection(ProjectConfigurationPlatforms) = postSolution
		{872C03BD-BD94-402C-87A3-102951257D53}.Debug|Any CPU.ActiveCfg = Debug|Any CPU
		{872C03BD-BD94-402C-87A3-102951257D53}.Debug|Any CPU.Build.0 = Debug|Any CPU
		{872C03BD-BD94-402C-87A3-102951257D53}.Release|Any CPU.ActiveCfg = Release|Any CPU
		{872C03BD-BD94-402C-87A3-102951257D53}.Release|Any CPU.Build.0 = Release|Any CPU
	EndGlobalSection
	GlobalSection(SolutionProperties) = preSolution
		HideSolutionNode = FALSE
	EndGlobalSection
	GlobalSection(ExtensibilityGlobals) = postSolution
		SolutionGuid = {0394B297-823D-460C-9DB4-23A55C345294}
	EndGlobalSection
EndGlobal
